
Microsoft Visual Studio Solution File, Format Version 12.00
# Visual Studio Version 16
VisualStudioVersion = 16.0.31005.135
MinimumVisualStudioVersion = 10.0.40219.1
Project("{FAE04EC0-301F-11D3-BF4B-00C04F79EFBC}") = "GenericContext", "GenericContext\GenericContext.csproj", "{8A0919CA-F11F-49D6-8D87-EF57D0537772}"
EndProject
Project("{FAE04EC0-301F-11D3-BF4B-00C04F79EFBC}") = "WebDemo", "WebDemo\WebDemo.csproj", "{00BD6903-9494-4C16-93D1-0EFBAB23AC64}"
EndProject
Global
	GlobalSection(SolutionConfigurationPlatforms) = preSolution
		Debug|Any CPU = Debug|Any CPU
		Release|Any CPU = Release|Any CPU
	EndGlobalSection
	GlobalSection(ProjectConfigurationPlatforms) = postSolution
		{8A0919CA-F11F-49D6-8D87-EF57D0537772}.Debug|Any CPU.ActiveCfg = Debug|Any CPU
		{8A0919CA-F11F-49D6-8D87-EF57D0537772}.Debug|Any CPU.Build.0 = Debug|Any CPU
		{8A0919CA-F11F-49D6-8D87-EF57D0537772}.Release|Any CPU.ActiveCfg = Release|Any CPU
		{8A0919CA-F11F-49D6-8D87-EF57D0537772}.Release|Any CPU.Build.0 = Release|Any CPU
		{00BD6903-9494-4C16-93D1-0EFBAB23AC64}.Debug|Any CPU.ActiveCfg = Debug|Any CPU
		{00BD6903-9494-4C16-93D1-0EFBAB23AC64}.Debug|Any CPU.Build.0 = Debug|Any CPU
		{00BD6903-9494-4C16-93D1-0EFBAB23AC64}.Release|Any CPU.ActiveCfg = Release|Any CPU
		{00BD6903-9494-4C16-93D1-0EFBAB23AC64}.Release|Any CPU.Build.0 = Release|Any CPU
	EndGlobalSection
	GlobalSection(SolutionProperties) = preSolution
		HideSolutionNode = FALSE
	EndGlobalSection
	GlobalSection(ExtensibilityGlobals) = postSolution
		SolutionGuid = {37E3F5F4-BF89-47B1-8093-DDDD2FE38E99}
	EndGlobalSection
EndGlobal
